
Microsoft Visual Studio Solution File, Format Version 12.00
# Visual Studio 15
VisualStudioVersion = 15.0.28307.539
MinimumVisualStudioVersion = 10.0.40219.1
Project("{FAE04EC0-301F-11D3-BF4B-00C04F79EFBC}") = "SPNET_LB1", "SPNET_LB1\SPNET_LB1.csproj", "{978EF191-9848-41C0-879B-6AE314A36F4E}"
EndProject
Project("{FAE04EC0-301F-11D3-BF4B-00C04F79EFBC}") = "Task1", "Task1\Task1.csproj", "{DE20CC75-B5F6-428A-ACA4-72CB81FC6DFD}"
EndProject
Project("{FAE04EC0-301F-11D3-BF4B-00C04F79EFBC}") = "AnotherProj", "AnotherProj\AnotherProj.csproj", "{C1D03762-A99F-4B81-92E3-89045488F32B}"
EndProject
Project("{FAE04EC0-301F-11D3-BF4B-00C04F79EFBC}") = "LateBinding", "LateBinding\LateBinding.csproj", "{3B274224-5429-47AB-B1E3-E6447513891D}"
EndProject
Project("{FAE04EC0-301F-11D3-BF4B-00C04F79EFBC}") = "SaveStateIronPython", "SaveStateIronPython\SaveStateIronPython.csproj", "{78CD3796-27CE-4AA6-854E-1CF05F500418}"
EndProject
Project("{FAE04EC0-301F-11D3-BF4B-00C04F79EFBC}") = "ClientApp", "ClientApp\ClientApp.csproj", "{866D5A99-947C-4A47-A7D3-CA71EBD0A491}"
EndProject
Project("{FAE04EC0-301F-11D3-BF4B-00C04F79EFBC}") = "ServerApp", "ServerApp\ServerApp.csproj", "{F1C23C34-3F37-40AE-BD17-A8FFE1B8A521}"
EndProject
Project("{FAE04EC0-301F-11D3-BF4B-00C04F79EFBC}") = "WinService", "WinService\WinService.csproj", "{64499D3A-E8A3-43DC-B0C9-96D795D5E61D}"
EndProject
Project("{FAE04EC0-301F-11D3-BF4B-00C04F79EFBC}") = "SocketObjects", "SocketObjects\SocketObjects.csproj", "{D10C49F7-5135-4940-A7AD-7B421A3CF816}"
EndProject
Project("{FAE04EC0-301F-11D3-BF4B-00C04F79EFBC}") = "Models", "Models\Models.csproj", "{4319574B-479B-4D70-8706-FD90CEB60FC2}"
EndProject
Project("{FAE04EC0-301F-11D3-BF4B-00C04F79EFBC}") = "Logger", "Logger\Logger.csproj", "{6D5DFB67-0FC6-4F65-A67D-93874B4B59AA}"
EndProject
Global
	GlobalSection(SolutionConfigurationPlatforms) = preSolution
		Debug|Any CPU = Debug|Any CPU
		Release|Any CPU = Release|Any CPU
	EndGlobalSection
	GlobalSection(ProjectConfigurationPlatforms) = postSolution
		{978EF191-9848-41C0-879B-6AE314A36F4E}.Debug|Any CPU.ActiveCfg = Debug|Any CPU
		{978EF191-9848-41C0-879B-6AE314A36F4E}.Debug|Any CPU.Build.0 = Debug|Any CPU
		{978EF191-9848-41C0-879B-6AE314A36F4E}.Release|Any CPU.ActiveCfg = Release|Any CPU
		{978EF191-9848-41C0-879B-6AE314A36F4E}.Release|Any CPU.Build.0 = Release|Any CPU
		{DE20CC75-B5F6-428A-ACA4-72CB81FC6DFD}.Debug|Any CPU.ActiveCfg = Debug|Any CPU
		{DE20CC75-B5F6-428A-ACA4-72CB81FC6DFD}.Debug|Any CPU.Build.0 = Debug|Any CPU
		{DE20CC75-B5F6-428A-ACA4-72CB81FC6DFD}.Release|Any CPU.ActiveCfg = Release|Any CPU
		{DE20CC75-B5F6-428A-ACA4-72CB81FC6DFD}.Release|Any CPU.Build.0 = Release|Any CPU
		{C1D03762-A99F-4B81-92E3-89045488F32B}.Debug|Any CPU.ActiveCfg = Debug|Any CPU
		{C1D03762-A99F-4B81-92E3-89045488F32B}.Debug|Any CPU.Build.0 = Debug|Any CPU
		{C1D03762-A99F-4B81-92E3-89045488F32B}.Release|Any CPU.ActiveCfg = Release|Any CPU
		{C1D03762-A99F-4B81-92E3-89045488F32B}.Release|Any CPU.Build.0 = Release|Any CPU
		{3B274224-5429-47AB-B1E3-E6447513891D}.Debug|Any CPU.ActiveCfg = Debug|Any CPU
		{3B274224-5429-47AB-B1E3-E6447513891D}.Debug|Any CPU.Build.0 = Debug|Any CPU
		{3B274224-5429-47AB-B1E3-E6447513891D}.Release|Any CPU.ActiveCfg = Release|Any CPU
		{3B274224-5429-47AB-B1E3-E6447513891D}.Release|Any CPU.Build.0 = Release|Any CPU
		{78CD3796-27CE-4AA6-854E-1CF05F500418}.Debug|Any CPU.ActiveCfg = Debug|Any CPU
		{78CD3796-27CE-4AA6-854E-1CF05F500418}.Debug|Any CPU.Build.0 = Debug|Any CPU
		{78CD3796-27CE-4AA6-854E-1CF05F500418}.Release|Any CPU.ActiveCfg = Release|Any CPU
		{78CD3796-27CE-4AA6-854E-1CF05F500418}.Release|Any CPU.Build.0 = Release|Any CPU
		{866D5A99-947C-4A47-A7D3-CA71EBD0A491}.Debug|Any CPU.ActiveCfg = Debug|Any CPU
		{866D5A99-947C-4A47-A7D3-CA71EBD0A491}.Debug|Any CPU.Build.0 = Debug|Any CPU
		{866D5A99-947C-4A47-A7D3-CA71EBD0A491}.Release|Any CPU.ActiveCfg = Release|Any CPU
		{866D5A99-947C-4A47-A7D3-CA71EBD0A491}.Release|Any CPU.Build.0 = Release|Any CPU
		{F1C23C34-3F37-40AE-BD17-A8FFE1B8A521}.Debug|Any CPU.ActiveCfg = Debug|Any CPU
		{F1C23C34-3F37-40AE-BD17-A8FFE1B8A521}.Debug|Any CPU.Build.0 = Debug|Any CPU
		{F1C23C34-3F37-40AE-BD17-A8FFE1B8A521}.Release|Any CPU.ActiveCfg = Release|Any CPU
		{F1C23C34-3F37-40AE-BD17-A8FFE1B8A521}.Release|Any CPU.Build.0 = Release|Any CPU
		{64499D3A-E8A3-43DC-B0C9-96D795D5E61D}.Debug|Any CPU.ActiveCfg = Debug|Any CPU
		{64499D3A-E8A3-43DC-B0C9-96D795D5E61D}.Debug|Any CPU.Build.0 = Debug|Any CPU
		{64499D3A-E8A3-43DC-B0C9-96D795D5E61D}.Release|Any CPU.ActiveCfg = Release|Any CPU
		{64499D3A-E8A3-43DC-B0C9-96D795D5E61D}.Release|Any CPU.Build.0 = Release|Any CPU
		{D10C49F7-5135-4940-A7AD-7B421A3CF816}.Debug|Any CPU.ActiveCfg = Debug|Any CPU
		{D10C49F7-5135-4940-A7AD-7B421A3CF816}.Debug|Any CPU.Build.0 = Debug|Any CPU
		{D10C49F7-5135-4940-A7AD-7B421A3CF816}.Release|Any CPU.ActiveCfg = Release|Any CPU
		{D10C49F7-5135-4940-A7AD-7B421A3CF816}.Release|Any CPU.Build.0 = Release|Any CPU
		{4319574B-479B-4D70-8706-FD90CEB60FC2}.Debug|Any CPU.ActiveCfg = Debug|Any CPU
		{4319574B-479B-4D70-8706-FD90CEB60FC2}.Debug|Any CPU.Build.0 = Debug|Any CPU
		{4319574B-479B-4D70-8706-FD90CEB60FC2}.Release|Any CPU.ActiveCfg = Release|Any CPU
		{4319574B-479B-4D70-8706-FD90CEB60FC2}.Release|Any CPU.Build.0 = Release|Any CPU
		{6D5DFB67-0FC6-4F65-A67D-93874B4B59AA}.Debug|Any CPU.ActiveCfg = Debug|Any CPU
		{6D5DFB67-0FC6-4F65-A67D-93874B4B59AA}.Debug|Any CPU.Build.0 = Debug|Any CPU
		{6D5DFB67-0FC6-4F65-A67D-93874B4B59AA}.Release|Any CPU.ActiveCfg = Release|Any CPU
		{6D5DFB67-0FC6-4F65-A67D-93874B4B59AA}.Release|Any CPU.Build.0 = Release|Any CPU
	EndGlobalSection
	GlobalSection(SolutionProperties) = preSolution
		HideSolutionNode = FALSE
	EndGlobalSection
	GlobalSection(ExtensibilityGlobals) = postSolution
		SolutionGuid = {BE574EDE-E260-4625-BD12-6D48379AEE27}
	EndGlobalSection
EndGlobal
